
Microsoft Visual Studio Solution File, Format Version 11.00
# Visual Studio 2010
Project("{8BC9CEB8-8B4A-11D0-8D11-00A0C91BC942}") = "UDP serwer", "UDP serwer\UDP serwer.vcxproj", "{F43FCF79-FAE2-43A9-A809-119F5C27FE74}"
EndProject
Global
	GlobalSection(SolutionConfigurationPlatforms) = preSolution
		Debug|Win32 = Debug|Win32
		Release|Win32 = Release|Win32
	EndGlobalSection
	GlobalSection(ProjectConfigurationPlatforms) = postSolution
		{F43FCF79-FAE2-43A9-A809-119F5C27FE74}.Debug|Win32.ActiveCfg = Debug|Win32
		{F43FCF79-FAE2-43A9-A809-119F5C27FE74}.Debug|Win32.Build.0 = Debug|Win32
		{F43FCF79-FAE2-43A9-A809-119F5C27FE74}.Release|Win32.ActiveCfg = Release|Win32
		{F43FCF79-FAE2-43A9-A809-119F5C27FE74}.Release|Win32.Build.0 = Release|Win32
	EndGlobalSection
	GlobalSection(SolutionProperties) = preSolution
		HideSolutionNode = FALSE
	EndGlobalSection
EndGlobal
